// !$*UTF8*$!
{
	archiveVersion = 1;
	classes = {
	};
	objectVersion = 56;
	objects = {

/* Begin PBXBuildFile section */
		A50FA25C29DDB4940035192F /* ContactList+CoreDataClass.swift in Sources */ = {isa = PBXBuildFile; fileRef = A50FA25A29DDB4940035192F /* ContactList+CoreDataClass.swift */; };
		A50FA25D29DDB4940035192F /* ContactList+CoreDataProperties.swift in Sources */ = {isa = PBXBuildFile; fileRef = A50FA25B29DDB4940035192F /* ContactList+CoreDataProperties.swift */; };
		A50FA26229DDC0CD0035192F /* MainPresenter.swift in Sources */ = {isa = PBXBuildFile; fileRef = A50FA26129DDC0CD0035192F /* MainPresenter.swift */; };
		A50FA26629DDEF700035192F /* Builder.swift in Sources */ = {isa = PBXBuildFile; fileRef = A50FA26529DDEF700035192F /* Builder.swift */; };
		A50FA26B29DE11FD0035192F /* DetailPresenter.swift in Sources */ = {isa = PBXBuildFile; fileRef = A50FA26A29DE11FD0035192F /* DetailPresenter.swift */; };
		A57E75CB29E7031100D2D158 /* MainViewController +Ext.swift in Sources */ = {isa = PBXBuildFile; fileRef = A57E75CA29E7031100D2D158 /* MainViewController +Ext.swift */; };
		A5A2154A29D702CE001B121D /* AppDelegate.swift in Sources */ = {isa = PBXBuildFile; fileRef = A5A2154929D702CE001B121D /* AppDelegate.swift */; };
		A5A2154C29D702CE001B121D /* SceneDelegate.swift in Sources */ = {isa = PBXBuildFile; fileRef = A5A2154B29D702CE001B121D /* SceneDelegate.swift */; };
		A5A2154E29D702CE001B121D /* MainViewController.swift in Sources */ = {isa = PBXBuildFile; fileRef = A5A2154D29D702CE001B121D /* MainViewController.swift */; };
		A5A2155429D702CE001B121D /* Home_Work_22.xcdatamodeld in Sources */ = {isa = PBXBuildFile; fileRef = A5A2155229D702CE001B121D /* Home_Work_22.xcdatamodeld */; };
		A5A2155629D702CF001B121D /* Assets.xcassets in Resources */ = {isa = PBXBuildFile; fileRef = A5A2155529D702CF001B121D /* Assets.xcassets */; };
		A5A2155929D702CF001B121D /* LaunchScreen.storyboard in Resources */ = {isa = PBXBuildFile; fileRef = A5A2155729D702CF001B121D /* LaunchScreen.storyboard */; };
		A5A2156A29D7402D001B121D /* SnapKit in Frameworks */ = {isa = PBXBuildFile; productRef = A5A2156929D7402D001B121D /* SnapKit */; };
		A5A2156E29D77882001B121D /* DetailViewController.swift in Sources */ = {isa = PBXBuildFile; fileRef = A5A2156D29D77882001B121D /* DetailViewController.swift */; };
		A5A2157329D7B837001B121D /* CoreDataClass.swift in Sources */ = {isa = PBXBuildFile; fileRef = A5A2157229D7B837001B121D /* CoreDataClass.swift */; };
/* End PBXBuildFile section */

/* Begin PBXFileReference section */
		A50FA25A29DDB4940035192F /* ContactList+CoreDataClass.swift */ = {isa = PBXFileReference; lastKnownFileType = sourcecode.swift; path = "ContactList+CoreDataClass.swift"; sourceTree = "<group>"; };
		A50FA25B29DDB4940035192F /* ContactList+CoreDataProperties.swift */ = {isa = PBXFileReference; lastKnownFileType = sourcecode.swift; path = "ContactList+CoreDataProperties.swift"; sourceTree = "<group>"; };
		A50FA26129DDC0CD0035192F /* MainPresenter.swift */ = {isa = PBXFileReference; lastKnownFileType = sourcecode.swift; path = MainPresenter.swift; sourceTree = "<group>"; };
		A50FA26529DDEF700035192F /* Builder.swift */ = {isa = PBXFileReference; lastKnownFileType = sourcecode.swift; path = Builder.swift; sourceTree = "<group>"; };
		A50FA26A29DE11FD0035192F /* DetailPresenter.swift */ = {isa = PBXFileReference; lastKnownFileType = sourcecode.swift; path = DetailPresenter.swift; sourceTree = "<group>"; };
		A57E75CA29E7031100D2D158 /* MainViewController +Ext.swift */ = {isa = PBXFileReference; lastKnownFileType = sourcecode.swift; path = "MainViewController +Ext.swift"; sourceTree = "<group>"; };
		A5A2154629D702CE001B121D /* Home Work 22.app */ = {isa = PBXFileReference; explicitFileType = wrapper.application; includeInIndex = 0; path = "Home Work 22.app"; sourceTree = BUILT_PRODUCTS_DIR; };
		A5A2154929D702CE001B121D /* AppDelegate.swift */ = {isa = PBXFileReference; lastKnownFileType = sourcecode.swift; path = AppDelegate.swift; sourceTree = "<group>"; };
		A5A2154B29D702CE001B121D /* SceneDelegate.swift */ = {isa = PBXFileReference; lastKnownFileType = sourcecode.swift; path = SceneDelegate.swift; sourceTree = "<group>"; };
		A5A2154D29D702CE001B121D /* MainViewController.swift */ = {isa = PBXFileReference; lastKnownFileType = sourcecode.swift; path = MainViewController.swift; sourceTree = "<group>"; };
		A5A2155329D702CE001B121D /* Home_Work_22.xcdatamodel */ = {isa = PBXFileReference; lastKnownFileType = wrapper.xcdatamodel; path = Home_Work_22.xcdatamodel; sourceTree = "<group>"; };
		A5A2155529D702CF001B121D /* Assets.xcassets */ = {isa = PBXFileReference; lastKnownFileType = folder.assetcatalog; path = Assets.xcassets; sourceTree = "<group>"; };
		A5A2155829D702CF001B121D /* Base */ = {isa = PBXFileReference; lastKnownFileType = file.storyboard; name = Base; path = Base.lproj/LaunchScreen.storyboard; sourceTree = "<group>"; };
		A5A2155A29D702CF001B121D /* Info.plist */ = {isa = PBXFileReference; lastKnownFileType = text.plist.xml; path = Info.plist; sourceTree = "<group>"; };
		A5A2156D29D77882001B121D /* DetailViewController.swift */ = {isa = PBXFileReference; lastKnownFileType = sourcecode.swift; path = DetailViewController.swift; sourceTree = "<group>"; };
		A5A2157229D7B837001B121D /* CoreDataClass.swift */ = {isa = PBXFileReference; lastKnownFileType = sourcecode.swift; path = CoreDataClass.swift; sourceTree = "<group>"; };
/* End PBXFileReference section */

/* Begin PBXFrameworksBuildPhase section */
		A5A2154329D702CE001B121D /* Frameworks */ = {
			isa = PBXFrameworksBuildPhase;
			buildActionMask = 2147483647;
			files = (
				A5A2156A29D7402D001B121D /* SnapKit in Frameworks */,
			);
			runOnlyForDeploymentPostprocessing = 0;
		};
/* End PBXFrameworksBuildPhase section */

/* Begin PBXGroup section */
		A50FA25E29DDB4AA0035192F /* CoreDataModel */ = {
			isa = PBXGroup;
			children = (
				A50FA25A29DDB4940035192F /* ContactList+CoreDataClass.swift */,
				A50FA25B29DDB4940035192F /* ContactList+CoreDataProperties.swift */,
			);
			path = CoreDataModel;
			sourceTree = "<group>";
		};
		A50FA25F29DDB5970035192F /* MainView */ = {
			isa = PBXGroup;
			children = (
				A5A2154D29D702CE001B121D /* MainViewController.swift */,
				A50FA26129DDC0CD0035192F /* MainPresenter.swift */,
			);
			path = MainView;
			sourceTree = "<group>";
		};
		A50FA26029DDC0640035192F /* DetalView */ = {
			isa = PBXGroup;
			children = (
				A5A2156D29D77882001B121D /* DetailViewController.swift */,
				A50FA26A29DE11FD0035192F /* DetailPresenter.swift */,
			);
			path = DetalView;
			sourceTree = "<group>";
		};
		A50FA26329DDCF760035192F /* Services */ = {
			isa = PBXGroup;
			children = (
				A5A2157229D7B837001B121D /* CoreDataClass.swift */,
			);
			path = Services;
			sourceTree = "<group>";
		};
		A50FA26429DDEF600035192F /* Bilder */ = {
			isa = PBXGroup;
			children = (
				A50FA26529DDEF700035192F /* Builder.swift */,
			);
			path = Bilder;
			sourceTree = "<group>";
		};
		A57E75C929E702F100D2D158 /* Extensions */ = {
			isa = PBXGroup;
			children = (
				A57E75CA29E7031100D2D158 /* MainViewController +Ext.swift */,
			);
			path = Extensions;
			sourceTree = "<group>";
		};
		A5A2153D29D702CE001B121D = {
			isa = PBXGroup;
			children = (
				A5A2154829D702CE001B121D /* Home Work 22 */,
				A5A2154729D702CE001B121D /* Products */,
			);
			sourceTree = "<group>";
		};
		A5A2154729D702CE001B121D /* Products */ = {
			isa = PBXGroup;
			children = (
				A5A2154629D702CE001B121D /* Home Work 22.app */,
			);
			name = Products;
			sourceTree = "<group>";
		};
		A5A2154829D702CE001B121D /* Home Work 22 */ = {
			isa = PBXGroup;
			children = (
				A5A2156129D7031A001B121D /* Source */,
				A57E75C929E702F100D2D158 /* Extensions */,
				A5A2156229D7031F001B121D /* Resource */,
			);
			path = "Home Work 22";
			sourceTree = "<group>";
		};
		A5A2156029D7030F001B121D /* App */ = {
			isa = PBXGroup;
			children = (
				A5A2154929D702CE001B121D /* AppDelegate.swift */,
				A5A2154B29D702CE001B121D /* SceneDelegate.swift */,
			);
			path = App;
			sourceTree = "<group>";
		};
		A5A2156129D7031A001B121D /* Source */ = {
			isa = PBXGroup;
			children = (
				A5A2156029D7030F001B121D /* App */,
				A50FA26429DDEF600035192F /* Bilder */,
				A50FA25E29DDB4AA0035192F /* CoreDataModel */,
				A50FA25F29DDB5970035192F /* MainView */,
				A50FA26029DDC0640035192F /* DetalView */,
				A50FA26329DDCF760035192F /* Services */,
			);
			path = Source;
			sourceTree = "<group>";
		};
		A5A2156229D7031F001B121D /* Resource */ = {
			isa = PBXGroup;
			children = (
				A5A2155529D702CF001B121D /* Assets.xcassets */,
				A5A2155729D702CF001B121D /* LaunchScreen.storyboard */,
				A5A2155A29D702CF001B121D /* Info.plist */,
				A5A2155229D702CE001B121D /* Home_Work_22.xcdatamodeld */,
			);
			path = Resource;
			sourceTree = "<group>";
		};
/* End PBXGroup section */

/* Begin PBXNativeTarget section */
		A5A2154529D702CE001B121D /* Home Work 22 */ = {
			isa = PBXNativeTarget;
			buildConfigurationList = A5A2155D29D702CF001B121D /* Build configuration list for PBXNativeTarget "Home Work 22" */;
			buildPhases = (
				A5A2154229D702CE001B121D /* Sources */,
				A5A2154329D702CE001B121D /* Frameworks */,
				A5A2154429D702CE001B121D /* Resources */,
			);
			buildRules = (
			);
			dependencies = (
			);
			name = "Home Work 22";
			packageProductDependencies = (
				A5A2156929D7402D001B121D /* SnapKit */,
			);
			productName = "Home Work 22";
			productReference = A5A2154629D702CE001B121D /* Home Work 22.app */;
			productType = "com.apple.product-type.application";
		};
/* End PBXNativeTarget section */

/* Begin PBXProject section */
		A5A2153E29D702CE001B121D /* Project object */ = {
			isa = PBXProject;
			attributes = {
				BuildIndependentTargetsInParallel = 1;
				LastSwiftUpdateCheck = 1420;
				LastUpgradeCheck = 1420;
				TargetAttributes = {
					A5A2154529D702CE001B121D = {
						CreatedOnToolsVersion = 14.2;
					};
				};
			};
			buildConfigurationList = A5A2154129D702CE001B121D /* Build configuration list for PBXProject "Home Work 22" */;
			compatibilityVersion = "Xcode 14.0";
			developmentRegion = en;
			hasScannedForEncodings = 0;
			knownRegions = (
				en,
				Base,
			);
			mainGroup = A5A2153D29D702CE001B121D;
			packageReferences = (
				A5A2156829D7402D001B121D /* XCRemoteSwiftPackageReference "SnapKit" */,
			);
			productRefGroup = A5A2154729D702CE001B121D /* Products */;
			projectDirPath = "";
			projectRoot = "";
			targets = (
				A5A2154529D702CE001B121D /* Home Work 22 */,
			);
		};
/* End PBXProject section */

/* Begin PBXResourcesBuildPhase section */
		A5A2154429D702CE001B121D /* Resources */ = {
			isa = PBXResourcesBuildPhase;
			buildActionMask = 2147483647;
			files = (
				A5A2155929D702CF001B121D /* LaunchScreen.storyboard in Resources */,
				A5A2155629D702CF001B121D /* Assets.xcassets in Resources */,
			);
			runOnlyForDeploymentPostprocessing = 0;
		};
/* End PBXResourcesBuildPhase section */

/* Begin PBXSourcesBuildPhase section */
		A5A2154229D702CE001B121D /* Sources */ = {
			isa = PBXSourcesBuildPhase;
			buildActionMask = 2147483647;
			files = (
				A50FA26229DDC0CD0035192F /* MainPresenter.swift in Sources */,
				A5A2154E29D702CE001B121D /* MainViewController.swift in Sources */,
				A50FA25C29DDB4940035192F /* ContactList+CoreDataClass.swift in Sources */,
				A50FA26629DDEF700035192F /* Builder.swift in Sources */,
				A50FA25D29DDB4940035192F /* ContactList+CoreDataProperties.swift in Sources */,
				A5A2154A29D702CE001B121D /* AppDelegate.swift in Sources */,
				A5A2154C29D702CE001B121D /* SceneDelegate.swift in Sources */,
				A5A2155429D702CE001B121D /* Home_Work_22.xcdatamodeld in Sources */,
				A5A2157329D7B837001B121D /* CoreDataClass.swift in Sources */,
				A5A2156E29D77882001B121D /* DetailViewController.swift in Sources */,
				A57E75CB29E7031100D2D158 /* MainViewController +Ext.swift in Sources */,
				A50FA26B29DE11FD0035192F /* DetailPresenter.swift in Sources */,
			);
			runOnlyForDeploymentPostprocessing = 0;
		};
/* End PBXSourcesBuildPhase section */

/* Begin PBXVariantGroup section */
		A5A2155729D702CF001B121D /* LaunchScreen.storyboard */ = {
			isa = PBXVariantGroup;
			children = (
				A5A2155829D702CF001B121D /* Base */,
			);
			name = LaunchScreen.storyboard;
			sourceTree = "<group>";
		};
/* End PBXVariantGroup section */

/* Begin XCBuildConfiguration section */
		A5A2155B29D702CF001B121D /* Debug */ = {
			isa = XCBuildConfiguration;
			buildSettings = {
				ALWAYS_SEARCH_USER_PATHS = NO;
				CLANG_ANALYZER_NONNULL = YES;
				CLANG_ANALYZER_NUMBER_OBJECT_CONVERSION = YES_AGGRESSIVE;
				CLANG_CXX_LANGUAGE_STANDARD = "gnu++20";
				CLANG_ENABLE_MODULES = YES;
				CLANG_ENABLE_OBJC_ARC = YES;
				CLANG_ENABLE_OBJC_WEAK = YES;
				CLANG_WARN_BLOCK_CAPTURE_AUTORELEASING = YES;
				CLANG_WARN_BOOL_CONVERSION = YES;
				CLANG_WARN_COMMA = YES;
				CLANG_WARN_CONSTANT_CONVERSION = YES;
				CLANG_WARN_DEPRECATED_OBJC_IMPLEMENTATIONS = YES;
				CLANG_WARN_DIRECT_OBJC_ISA_USAGE = YES_ERROR;
				CLANG_WARN_DOCUMENTATION_COMMENTS = YES;
				CLANG_WARN_EMPTY_BODY = YES;
				CLANG_WARN_ENUM_CONVERSION = YES;
				CLANG_WARN_INFINITE_RECURSION = YES;
				CLANG_WARN_INT_CONVERSION = YES;
				CLANG_WARN_NON_LITERAL_NULL_CONVERSION = YES;
				CLANG_WARN_OBJC_IMPLICIT_RETAIN_SELF = YES;
				CLANG_WARN_OBJC_LITERAL_CONVERSION = YES;
				CLANG_WARN_OBJC_ROOT_CLASS = YES_ERROR;
				CLANG_WARN_QUOTED_INCLUDE_IN_FRAMEWORK_HEADER = YES;
				CLANG_WARN_RANGE_LOOP_ANALYSIS = YES;
				CLANG_WARN_STRICT_PROTOTYPES = YES;
				CLANG_WARN_SUSPICIOUS_MOVE = YES;
				CLANG_WARN_UNGUARDED_AVAILABILITY = YES_AGGRESSIVE;
				CLANG_WARN_UNREACHABLE_CODE = YES;
				CLANG_WARN__DUPLICATE_METHOD_MATCH = YES;
				COPY_PHASE_STRIP = NO;
				DEBUG_INFORMATION_FORMAT = dwarf;
				ENABLE_STRICT_OBJC_MSGSEND = YES;
				ENABLE_TESTABILITY = YES;
				GCC_C_LANGUAGE_STANDARD = gnu11;
				GCC_DYNAMIC_NO_PIC = NO;
				GCC_NO_COMMON_BLOCKS = YES;
				GCC_OPTIMIZATION_LEVEL = 0;
				GCC_PREPROCESSOR_DEFINITIONS = (
					"DEBUG=1",
					"$(inherited)",
				);
				GCC_WARN_64_TO_32_BIT_CONVERSION = YES;
				GCC_WARN_ABOUT_RETURN_TYPE = YES_ERROR;
				GCC_WARN_UNDECLARED_SELECTOR = YES;
				GCC_WARN_UNINITIALIZED_AUTOS = YES_AGGRESSIVE;
				GCC_WARN_UNUSED_FUNCTION = YES;
				GCC_WARN_UNUSED_VARIABLE = YES;
				IPHONEOS_DEPLOYMENT_TARGET = 16.2;
				MTL_ENABLE_DEBUG_INFO = INCLUDE_SOURCE;
				MTL_FAST_MATH = YES;
				ONLY_ACTIVE_ARCH = YES;
				SDKROOT = iphoneos;
				SWIFT_ACTIVE_COMPILATION_CONDITIONS = DEBUG;
				SWIFT_OPTIMIZATION_LEVEL = "-Onone";
			};
			name = Debug;
		};
		A5A2155C29D702CF001B121D /* Release */ = {
			isa = XCBuildConfiguration;
			buildSettings = {
				ALWAYS_SEARCH_USER_PATHS = NO;
				CLANG_ANALYZER_NONNULL = YES;
				CLANG_ANALYZER_NUMBER_OBJECT_CONVERSION = YES_AGGRESSIVE;
				CLANG_CXX_LANGUAGE_STANDARD = "gnu++20";
				CLANG_ENABLE_MODULES = YES;
				CLANG_ENABLE_OBJC_ARC = YES;
				CLANG_ENABLE_OBJC_WEAK = YES;
				CLANG_WARN_BLOCK_CAPTURE_AUTORELEASING = YES;
				CLANG_WARN_BOOL_CONVERSION = YES;
				CLANG_WARN_COMMA = YES;
				CLANG_WARN_CONSTANT_CONVERSION = YES;
				CLANG_WARN_DEPRECATED_OBJC_IMPLEMENTATIONS = YES;
				CLANG_WARN_DIRECT_OBJC_ISA_USAGE = YES_ERROR;
				CLANG_WARN_DOCUMENTATION_COMMENTS = YES;
				CLANG_WARN_EMPTY_BODY = YES;
				CLANG_WARN_ENUM_CONVERSION = YES;
				CLANG_WARN_INFINITE_RECURSION = YES;
				CLANG_WARN_INT_CONVERSION = YES;
				CLANG_WARN_NON_LITERAL_NULL_CONVERSION = YES;
				CLANG_WARN_OBJC_IMPLICIT_RETAIN_SELF = YES;
				CLANG_WARN_OBJC_LITERAL_CONVERSION = YES;
				CLANG_WARN_OBJC_ROOT_CLASS = YES_ERROR;
				CLANG_WARN_QUOTED_INCLUDE_IN_FRAMEWORK_HEADER = YES;
				CLANG_WARN_RANGE_LOOP_ANALYSIS = YES;
				CLANG_WARN_STRICT_PROTOTYPES = YES;
				CLANG_WARN_SUSPICIOUS_MOVE = YES;
				CLANG_WARN_UNGUARDED_AVAILABILITY = YES_AGGRESSIVE;
				CLANG_WARN_UNREACHABLE_CODE = YES;
				CLANG_WARN__DUPLICATE_METHOD_MATCH = YES;
				COPY_PHASE_STRIP = NO;
				DEBUG_INFORMATION_FORMAT = "dwarf-with-dsym";
				ENABLE_NS_ASSERTIONS = NO;
				ENABLE_STRICT_OBJC_MSGSEND = YES;
				GCC_C_LANGUAGE_STANDARD = gnu11;
				GCC_NO_COMMON_BLOCKS = YES;
				GCC_WARN_64_TO_32_BIT_CONVERSION = YES;
				GCC_WARN_ABOUT_RETURN_TYPE = YES_ERROR;
				GCC_WARN_UNDECLARED_SELECTOR = YES;
				GCC_WARN_UNINITIALIZED_AUTOS = YES_AGGRESSIVE;
				GCC_WARN_UNUSED_FUNCTION = YES;
				GCC_WARN_UNUSED_VARIABLE = YES;
				IPHONEOS_DEPLOYMENT_TARGET = 16.2;
				MTL_ENABLE_DEBUG_INFO = NO;
				MTL_FAST_MATH = YES;
				SDKROOT = iphoneos;
				SWIFT_COMPILATION_MODE = wholemodule;
				SWIFT_OPTIMIZATION_LEVEL = "-O";
				VALIDATE_PRODUCT = YES;
			};
			name = Release;
		};
		A5A2155E29D702CF001B121D /* Debug */ = {
			isa = XCBuildConfiguration;
			buildSettings = {
				ASSETCATALOG_COMPILER_APPICON_NAME = AppIcon;
				ASSETCATALOG_COMPILER_GLOBAL_ACCENT_COLOR_NAME = AccentColor;
				CODE_SIGN_STYLE = Automatic;
				CURRENT_PROJECT_VERSION = 1;
				DEVELOPMENT_TEAM = 8PHY3R68LB;
				GENERATE_INFOPLIST_FILE = YES;
				INFOPLIST_FILE = "Home Work 22/Resource/Info.plist";
				INFOPLIST_KEY_UIApplicationSupportsIndirectInputEvents = YES;
				INFOPLIST_KEY_UILaunchStoryboardName = LaunchScreen;
				INFOPLIST_KEY_UISupportedInterfaceOrientations_iPad = "UIInterfaceOrientationPortrait UIInterfaceOrientationPortraitUpsideDown UIInterfaceOrientationLandscapeLeft UIInterfaceOrientationLandscapeRight";
				INFOPLIST_KEY_UISupportedInterfaceOrientations_iPhone = "UIInterfaceOrientationPortrait UIInterfaceOrientationLandscapeLeft UIInterfaceOrientationLandscapeRight";
				LD_RUNPATH_SEARCH_PATHS = (
					"$(inherited)",
					"@executable_path/Frameworks",
				);
				MARKETING_VERSION = 1.0;
				PRODUCT_BUNDLE_IDENTIFIER = "com.my.Home-Work-22";
				PRODUCT_NAME = "$(TARGET_NAME)";
				SWIFT_EMIT_LOC_STRINGS = YES;
				SWIFT_VERSION = 5.0;
				TARGETED_DEVICE_FAMILY = "1,2";
			};
			name = Debug;
		};
		A5A2155F29D702CF001B121D /* Release */ = {
			isa = XCBuildConfiguration;
			buildSettings = {
				ASSETCATALOG_COMPILER_APPICON_NAME = AppIcon;
				ASSETCATALOG_COMPILER_GLOBAL_ACCENT_COLOR_NAME = AccentColor;
				CODE_SIGN_STYLE = Automatic;
				CURRENT_PROJECT_VERSION = 1;
				DEVELOPMENT_TEAM = 8PHY3R68LB;
				GENERATE_INFOPLIST_FILE = YES;
				INFOPLIST_FILE = "Home Work 22/Resource/Info.plist";
				INFOPLIST_KEY_UIApplicationSupportsIndirectInputEvents = YES;
				INFOPLIST_KEY_UILaunchStoryboardName = LaunchScreen;
				INFOPLIST_KEY_UISupportedInterfaceOrientations_iPad = "UIInterfaceOrientationPortrait UIInterfaceOrientationPortraitUpsideDown UIInterfaceOrientationLandscapeLeft UIInterfaceOrientationLandscapeRight";
				INFOPLIST_KEY_UISupportedInterfaceOrientations_iPhone = "UIInterfaceOrientationPortrait UIInterfaceOrientationLandscapeLeft UIInterfaceOrientationLandscapeRight";
				LD_RUNPATH_SEARCH_PATHS = (
					"$(inherited)",
					"@executable_path/Frameworks",
				);
				MARKETING_VERSION = 1.0;
				PRODUCT_BUNDLE_IDENTIFIER = "com.my.Home-Work-22";
				PRODUCT_NAME = "$(TARGET_NAME)";
				SWIFT_EMIT_LOC_STRINGS = YES;
				SWIFT_VERSION = 5.0;
				TARGETED_DEVICE_FAMILY = "1,2";
			};
			name = Release;
		};
/* End XCBuildConfiguration section */

/* Begin XCConfigurationList section */
		A5A2154129D702CE001B121D /* Build configuration list for PBXProject "Home Work 22" */ = {
			isa = XCConfigurationList;
			buildConfigurations = (
				A5A2155B29D702CF001B121D /* Debug */,
				A5A2155C29D702CF001B121D /* Release */,
			);
			defaultConfigurationIsVisible = 0;
			defaultConfigurationName = Release;
		};
		A5A2155D29D702CF001B121D /* Build configuration list for PBXNativeTarget "Home Work 22" */ = {
			isa = XCConfigurationList;
			buildConfigurations = (
				A5A2155E29D702CF001B121D /* Debug */,
				A5A2155F29D702CF001B121D /* Release */,
			);
			defaultConfigurationIsVisible = 0;
			defaultConfigurationName = Release;
		};
/* End XCConfigurationList section */

/* Begin XCRemoteSwiftPackageReference section */
		A5A2156829D7402D001B121D /* XCRemoteSwiftPackageReference "SnapKit" */ = {
			isa = XCRemoteSwiftPackageReference;
			repositoryURL = "https://github.com/SnapKit/SnapKit.git";
			requirement = {
				kind = upToNextMajorVersion;
				minimumVersion = 5.0.0;
			};
		};
/* End XCRemoteSwiftPackageReference section */

/* Begin XCSwiftPackageProductDependency section */
		A5A2156929D7402D001B121D /* SnapKit */ = {
			isa = XCSwiftPackageProductDependency;
			package = A5A2156829D7402D001B121D /* XCRemoteSwiftPackageReference "SnapKit" */;
			productName = SnapKit;
		};
/* End XCSwiftPackageProductDependency section */

/* Begin XCVersionGroup section */
		A5A2155229D702CE001B121D /* Home_Work_22.xcdatamodeld */ = {
			isa = XCVersionGroup;
			children = (
				A5A2155329D702CE001B121D /* Home_Work_22.xcdatamodel */,
			);
			currentVersion = A5A2155329D702CE001B121D /* Home_Work_22.xcdatamodel */;
			path = Home_Work_22.xcdatamodeld;
			sourceTree = "<group>";
			versionGroupType = wrapper.xcdatamodel;
		};
/* End XCVersionGroup section */
	};
	rootObject = A5A2153E29D702CE001B121D /* Project object */;
}
